PODS:
  - Bolts/Tasks (1.5.0)
  - DZNEmptyDataSet (1.7.2)
  - JBChartView (2.8.16)
  - MBProgressHUD (0.9.1)
  - Parse (1.10.0):
    - Bolts/Tasks (~> 1.5)
  - PNChart (0.8.7):
    - UICountingLabel (~> 1.2.0)
  - UICountingLabel (1.2.0)

DEPENDENCIES:
  - DZNEmptyDataSet
  - JBChartView
  - MBProgressHUD (~> 0.9.1)
  - Parse
  - PNChart

SPEC CHECKSUMS:
  Bolts: 722ab9a4f8b50fc4ed1b9998a5a7a2b3f16d80b4
  DZNEmptyDataSet: 0ec00bfc230d7450997b60c127afdd0b9f24f3b6
  JBChartView: 8e65b7fbb4e7f1f2c0197575734fce4af1c19e17
  MBProgressHUD: c47f2c166c126cf2ce36498d80f33e754d4e93ad
  Parse: 90b2544822200f84b18bfacc4e8b0a3a6c3584a2
  PNChart: c1755716bbd45386d2035b2bf2ce73e6d3f8cb22
  UICountingLabel: 1db4e7d023e1762171eb226d6dff47a7a84f27aa

COCOAPODS: 0.39.0
