// !$*UTF8*$!
{
	archiveVersion = 1;
	classes = {
	};
	objectVersion = 46;
	objects = {

/* Begin PBXBuildFile section */
		7A23FF141C03DB6C009002B8 /* ChartTableViewCell.m in Sources */ = {isa = PBXBuildFile; fileRef = 7A23FF121C03DB6C009002B8 /* ChartTableViewCell.m */; };
		7A23FF151C03DB6C009002B8 /* ChartTableViewCell.xib in Resources */ = {isa = PBXBuildFile; fileRef = 7A23FF131C03DB6C009002B8 /* ChartTableViewCell.xib */; };
		7A8582B11BFE797A001D96F5 /* main.m in Sources */ = {isa = PBXBuildFile; fileRef = 7A8582B01BFE797A001D96F5 /* main.m */; };
		7A8582B41BFE797A001D96F5 /* AppDelegate.m in Sources */ = {isa = PBXBuildFile; fileRef = 7A8582B31BFE797A001D96F5 /* AppDelegate.m */; };
		7A8582B71BFE797A001D96F5 /* ViewController.m in Sources */ = {isa = PBXBuildFile; fileRef = 7A8582B61BFE797A001D96F5 /* ViewController.m */; };
		7A8582BA1BFE797A001D96F5 /* Main.storyboard in Resources */ = {isa = PBXBuildFile; fileRef = 7A8582B81BFE797A001D96F5 /* Main.storyboard */; };
		7A8582BD1BFE797A001D96F5 /* timbr.xcdatamodeld in Sources */ = {isa = PBXBuildFile; fileRef = 7A8582BB1BFE797A001D96F5 /* timbr.xcdatamodeld */; };
		7A8582BF1BFE797A001D96F5 /* Assets.xcassets in Resources */ = {isa = PBXBuildFile; fileRef = 7A8582BE1BFE797A001D96F5 /* Assets.xcassets */; };
		7A8582C21BFE797A001D96F5 /* LaunchScreen.storyboard in Resources */ = {isa = PBXBuildFile; fileRef = 7A8582C01BFE797A001D96F5 /* LaunchScreen.storyboard */; };
		7A8582F71BFED7FE001D96F5 /* Entry.m in Sources */ = {isa = PBXBuildFile; fileRef = 7A8582F61BFED7FE001D96F5 /* Entry.m */; };
		7A8582FA1BFEDA9C001D96F5 /* LogCategory.m in Sources */ = {isa = PBXBuildFile; fileRef = 7A8582F91BFEDA9C001D96F5 /* LogCategory.m */; };
		7A8583111C00247C001D96F5 /* DetailsTableViewCell.m in Sources */ = {isa = PBXBuildFile; fileRef = 7A85830F1C00247C001D96F5 /* DetailsTableViewCell.m */; };
		7A8583121C00247C001D96F5 /* DetailsTableViewCell.xib in Resources */ = {isa = PBXBuildFile; fileRef = 7A8583101C00247C001D96F5 /* DetailsTableViewCell.xib */; };
		7A85831B1C004AC5001D96F5 /* DetailsTableViewController.m in Sources */ = {isa = PBXBuildFile; fileRef = 7A8583191C004AC5001D96F5 /* DetailsTableViewController.m */; };
		7A85831C1C004AC5001D96F5 /* DetailsTableViewController.xib in Resources */ = {isa = PBXBuildFile; fileRef = 7A85831A1C004AC5001D96F5 /* DetailsTableViewController.xib */; };
		EBE0724F6512330E95F9BEBA /* libPods-timbr.a in Frameworks */ = {isa = PBXBuildFile; fileRef = C77725C7DA68250F9E352FFE /* libPods-timbr.a */; };
		F6DC76AA1C0EB81400DBD2BD /* CategoryViewController.m in Sources */ = {isa = PBXBuildFile; fileRef = F6DC76A81C0EB81400DBD2BD /* CategoryViewController.m */; };
		F6DC76AB1C0EB81400DBD2BD /* CategoryViewController.xib in Resources */ = {isa = PBXBuildFile; fileRef = F6DC76A91C0EB81400DBD2BD /* CategoryViewController.xib */; };
		F6DC76AF1C0EE52900DBD2BD /* FieldViewController.m in Sources */ = {isa = PBXBuildFile; fileRef = F6DC76AD1C0EE52900DBD2BD /* FieldViewController.m */; };
		F6DC76B01C0EE52900DBD2BD /* FieldViewController.xib in Resources */ = {isa = PBXBuildFile; fileRef = F6DC76AE1C0EE52900DBD2BD /* FieldViewController.xib */; };
		F6DC76B41C0FAA5400DBD2BD /* FieldsTableViewCell.m in Sources */ = {isa = PBXBuildFile; fileRef = F6DC76B21C0FAA5400DBD2BD /* FieldsTableViewCell.m */; };
		F6DC76B51C0FAA5400DBD2BD /* FieldsTableViewCell.xib in Resources */ = {isa = PBXBuildFile; fileRef = F6DC76B31C0FAA5400DBD2BD /* FieldsTableViewCell.xib */; };
		F9AB7E3A1C0D0AA3005BB778 /* Field.m in Sources */ = {isa = PBXBuildFile; fileRef = F9AB7E391C0D0AA3005BB778 /* Field.m */; };
		F9AB7E481C0E4B95005BB778 /* HomeCollectionViewCell.xib in Resources */ = {isa = PBXBuildFile; fileRef = F9AB7E471C0E4B95005BB778 /* HomeCollectionViewCell.xib */; };
		F9AB7E4F1C0E4B9E005BB778 /* HomeCollectionViewController.m in Sources */ = {isa = PBXBuildFile; fileRef = F9AB7E491C0E4B9E005BB778 /* HomeCollectionViewController.m */; };
		F9AB7E501C0E4B9E005BB778 /* HomeCollectionViewController.xib in Resources */ = {isa = PBXBuildFile; fileRef = F9AB7E4B1C0E4B9E005BB778 /* HomeCollectionViewController.xib */; };
		F9AB7E511C0E4B9E005BB778 /* LoginViewController.m in Sources */ = {isa = PBXBuildFile; fileRef = F9AB7E4C1C0E4B9E005BB778 /* LoginViewController.m */; };
		F9AB7E521C0E4B9E005BB778 /* LoginViewController.xib in Resources */ = {isa = PBXBuildFile; fileRef = F9AB7E4E1C0E4B9E005BB778 /* LoginViewController.xib */; };
/* End PBXBuildFile section */

/* Begin PBXFileReference section */
		04569B1364EABA1A43D9F815 /* Pods-timbr.release.xcconfig */ = {isa = PBXFileReference; includeInIndex = 1; lastKnownFileType = text.xcconfig; name = "Pods-timbr.release.xcconfig"; path = "Pods/Target Support Files/Pods-timbr/Pods-timbr.release.xcconfig"; sourceTree = "<group>"; };
		56DEC1086A3CBCFEBB2C3DAA /* Pods-timbr.debug.xcconfig */ = {isa = PBXFileReference; includeInIndex = 1; lastKnownFileType = text.xcconfig; name = "Pods-timbr.debug.xcconfig"; path = "Pods/Target Support Files/Pods-timbr/Pods-timbr.debug.xcconfig"; sourceTree = "<group>"; };
		7A23FF111C03DB6C009002B8 /* ChartTableViewCell.h */ = {isa = PBXFileReference; fileEncoding = 4; lastKnownFileType = sourcecode.c.h; path = ChartTableViewCell.h; sourceTree = "<group>"; };
		7A23FF121C03DB6C009002B8 /* ChartTableViewCell.m */ = {isa = PBXFileReference; fileEncoding = 4; lastKnownFileType = sourcecode.c.objc; path = ChartTableViewCell.m; sourceTree = "<group>"; };
		7A23FF131C03DB6C009002B8 /* ChartTableViewCell.xib */ = {isa = PBXFileReference; fileEncoding = 4; lastKnownFileType = file.xib; path = ChartTableViewCell.xib; sourceTree = "<group>"; };
		7A8582AC1BFE797A001D96F5 /* timbr.app */ = {isa = PBXFileReference; explicitFileType = wrapper.application; includeInIndex = 0; path = timbr.app; sourceTree = BUILT_PRODUCTS_DIR; };
		7A8582B01BFE797A001D96F5 /* main.m */ = {isa = PBXFileReference; lastKnownFileType = sourcecode.c.objc; path = main.m; sourceTree = "<group>"; };
		7A8582B21BFE797A001D96F5 /* AppDelegate.h */ = {isa = PBXFileReference; lastKnownFileType = sourcecode.c.h; path = AppDelegate.h; sourceTree = "<group>"; };
		7A8582B31BFE797A001D96F5 /* AppDelegate.m */ = {isa = PBXFileReference; lastKnownFileType = sourcecode.c.objc; path = AppDelegate.m; sourceTree = "<group>"; };
		7A8582B51BFE797A001D96F5 /* ViewController.h */ = {isa = PBXFileReference; lastKnownFileType = sourcecode.c.h; path = ViewController.h; sourceTree = "<group>"; };
		7A8582B61BFE797A001D96F5 /* ViewController.m */ = {isa = PBXFileReference; lastKnownFileType = sourcecode.c.objc; path = ViewController.m; sourceTree = "<group>"; };
		7A8582B91BFE797A001D96F5 /* Base */ = {isa = PBXFileReference; lastKnownFileType = file.storyboard; name = Base; path = Base.lproj/Main.storyboard; sourceTree = "<group>"; };
		7A8582BC1BFE797A001D96F5 /* timbr.xcdatamodel */ = {isa = PBXFileReference; lastKnownFileType = wrapper.xcdatamodel; path = timbr.xcdatamodel; sourceTree = "<group>"; };
		7A8582BE1BFE797A001D96F5 /* Assets.xcassets */ = {isa = PBXFileReference; lastKnownFileType = folder.assetcatalog; path = Assets.xcassets; sourceTree = "<group>"; };
		7A8582C11BFE797A001D96F5 /* Base */ = {isa = PBXFileReference; lastKnownFileType = file.storyboard; name = Base; path = Base.lproj/LaunchScreen.storyboard; sourceTree = "<group>"; };
		7A8582C31BFE797A001D96F5 /* Info.plist */ = {isa = PBXFileReference; lastKnownFileType = text.plist.xml; path = Info.plist; sourceTree = "<group>"; };
		7A8582F51BFED7FE001D96F5 /* Entry.h */ = {isa = PBXFileReference; fileEncoding = 4; lastKnownFileType = sourcecode.c.h; name = Entry.h; path = Models/Entry.h; sourceTree = "<group>"; };
		7A8582F61BFED7FE001D96F5 /* Entry.m */ = {isa = PBXFileReference; fileEncoding = 4; lastKnownFileType = sourcecode.c.objc; name = Entry.m; path = Models/Entry.m; sourceTree = "<group>"; };
		7A8582F81BFEDA9C001D96F5 /* LogCategory.h */ = {isa = PBXFileReference; fileEncoding = 4; lastKnownFileType = sourcecode.c.h; path = LogCategory.h; sourceTree = "<group>"; };
		7A8582F91BFEDA9C001D96F5 /* LogCategory.m */ = {isa = PBXFileReference; fileEncoding = 4; lastKnownFileType = sourcecode.c.objc; path = LogCategory.m; sourceTree = "<group>"; };
		7A85830E1C00247C001D96F5 /* DetailsTableViewCell.h */ = {isa = PBXFileReference; fileEncoding = 4; lastKnownFileType = sourcecode.c.h; path = DetailsTableViewCell.h; sourceTree = "<group>"; };
		7A85830F1C00247C001D96F5 /* DetailsTableViewCell.m */ = {isa = PBXFileReference; fileEncoding = 4; lastKnownFileType = sourcecode.c.objc; path = DetailsTableViewCell.m; sourceTree = "<group>"; };
		7A8583101C00247C001D96F5 /* DetailsTableViewCell.xib */ = {isa = PBXFileReference; fileEncoding = 4; lastKnownFileType = file.xib; path = DetailsTableViewCell.xib; sourceTree = "<group>"; };
		7A8583181C004AC5001D96F5 /* DetailsTableViewController.h */ = {isa = PBXFileReference; fileEncoding = 4; lastKnownFileType = sourcecode.c.h; path = DetailsTableViewController.h; sourceTree = "<group>"; };
		7A8583191C004AC5001D96F5 /* DetailsTableViewController.m */ = {isa = PBXFileReference; fileEncoding = 4; lastKnownFileType = sourcecode.c.objc; path = DetailsTableViewController.m; sourceTree = "<group>"; };
		7A85831A1C004AC5001D96F5 /* DetailsTableViewController.xib */ = {isa = PBXFileReference; fileEncoding = 4; lastKnownFileType = file.xib; path = DetailsTableViewController.xib; sourceTree = "<group>"; };
		C77725C7DA68250F9E352FFE /* libPods-timbr.a */ = {isa = PBXFileReference; explicitFileType = archive.ar; includeInIndex = 0; path = "libPods-timbr.a"; sourceTree = BUILT_PRODUCTS_DIR; };
		F6DC76A71C0EB81400DBD2BD /* CategoryViewController.h */ = {isa = PBXFileReference; fileEncoding = 4; lastKnownFileType = sourcecode.c.h; path = CategoryViewController.h; sourceTree = "<group>"; };
		F6DC76A81C0EB81400DBD2BD /* CategoryViewController.m */ = {isa = PBXFileReference; fileEncoding = 4; lastKnownFileType = sourcecode.c.objc; path = CategoryViewController.m; sourceTree = "<group>"; };
		F6DC76A91C0EB81400DBD2BD /* CategoryViewController.xib */ = {isa = PBXFileReference; fileEncoding = 4; lastKnownFileType = file.xib; path = CategoryViewController.xib; sourceTree = "<group>"; };
		F6DC76AC1C0EE52900DBD2BD /* FieldViewController.h */ = {isa = PBXFileReference; fileEncoding = 4; lastKnownFileType = sourcecode.c.h; path = FieldViewController.h; sourceTree = "<group>"; };
		F6DC76AD1C0EE52900DBD2BD /* FieldViewController.m */ = {isa = PBXFileReference; fileEncoding = 4; lastKnownFileType = sourcecode.c.objc; path = FieldViewController.m; sourceTree = "<group>"; };
		F6DC76AE1C0EE52900DBD2BD /* FieldViewController.xib */ = {isa = PBXFileReference; fileEncoding = 4; lastKnownFileType = file.xib; path = FieldViewController.xib; sourceTree = "<group>"; };
		F6DC76B11C0FAA5400DBD2BD /* FieldsTableViewCell.h */ = {isa = PBXFileReference; fileEncoding = 4; lastKnownFileType = sourcecode.c.h; path = FieldsTableViewCell.h; sourceTree = "<group>"; };
		F6DC76B21C0FAA5400DBD2BD /* FieldsTableViewCell.m */ = {isa = PBXFileReference; fileEncoding = 4; lastKnownFileType = sourcecode.c.objc; path = FieldsTableViewCell.m; sourceTree = "<group>"; };
		F6DC76B31C0FAA5400DBD2BD /* FieldsTableViewCell.xib */ = {isa = PBXFileReference; fileEncoding = 4; lastKnownFileType = file.xib; path = FieldsTableViewCell.xib; sourceTree = "<group>"; };
		F9AB7E381C0D0AA3005BB778 /* Field.h */ = {isa = PBXFileReference; fileEncoding = 4; lastKnownFileType = sourcecode.c.h; name = Field.h; path = Models/Field.h; sourceTree = "<group>"; };
		F9AB7E391C0D0AA3005BB778 /* Field.m */ = {isa = PBXFileReference; fileEncoding = 4; lastKnownFileType = sourcecode.c.objc; name = Field.m; path = Models/Field.m; sourceTree = "<group>"; };
		F9AB7E471C0E4B95005BB778 /* HomeCollectionViewCell.xib */ = {isa = PBXFileReference; fileEncoding = 4; lastKnownFileType = file.xib; path = HomeCollectionViewCell.xib; sourceTree = "<group>"; };
		F9AB7E491C0E4B9E005BB778 /* HomeCollectionViewController.m */ = {isa = PBXFileReference; fileEncoding = 4; lastKnownFileType = sourcecode.c.objc; path = HomeCollectionViewController.m; sourceTree = "<group>"; };
		F9AB7E4A1C0E4B9E005BB778 /* HomeCollectionViewController.h */ = {isa = PBXFileReference; fileEncoding = 4; lastKnownFileType = sourcecode.c.h; path = HomeCollectionViewController.h; sourceTree = "<group>"; };
		F9AB7E4B1C0E4B9E005BB778 /* HomeCollectionViewController.xib */ = {isa = PBXFileReference; fileEncoding = 4; lastKnownFileType = file.xib; path = HomeCollectionViewController.xib; sourceTree = "<group>"; };
		F9AB7E4C1C0E4B9E005BB778 /* LoginViewController.m */ = {isa = PBXFileReference; fileEncoding = 4; lastKnownFileType = sourcecode.c.objc; path = LoginViewController.m; sourceTree = "<group>"; };
		F9AB7E4D1C0E4B9E005BB778 /* LoginViewController.h */ = {isa = PBXFileReference; fileEncoding = 4; lastKnownFileType = sourcecode.c.h; path = LoginViewController.h; sourceTree = "<group>"; };
		F9AB7E4E1C0E4B9E005BB778 /* LoginViewController.xib */ = {isa = PBXFileReference; fileEncoding = 4; lastKnownFileType = file.xib; path = LoginViewController.xib; sourceTree = "<group>"; };
/* End PBXFileReference section */

/* Begin PBXFrameworksBuildPhase section */
		7A8582A91BFE797A001D96F5 /* Frameworks */ = {
			isa = PBXFrameworksBuildPhase;
			buildActionMask = 2147483647;
			files = (
				EBE0724F6512330E95F9BEBA /* libPods-timbr.a in Frameworks */,
			);
			runOnlyForDeploymentPostprocessing = 0;
		};
/* End PBXFrameworksBuildPhase section */

/* Begin PBXGroup section */
		2FE5D53C6FBD92FFA1AAB67D /* Pods */ = {
			isa = PBXGroup;
			children = (
				56DEC1086A3CBCFEBB2C3DAA /* Pods-timbr.debug.xcconfig */,
				04569B1364EABA1A43D9F815 /* Pods-timbr.release.xcconfig */,
			);
			name = Pods;
			sourceTree = "<group>";
		};
		7A8582A31BFE797A001D96F5 = {
			isa = PBXGroup;
			children = (
				7A8582AE1BFE797A001D96F5 /* timbr */,
				7A8582AD1BFE797A001D96F5 /* Products */,
				2FE5D53C6FBD92FFA1AAB67D /* Pods */,
				DCE79BA09BB5279A3BFDB174 /* Frameworks */,
			);
			sourceTree = "<group>";
		};
		7A8582AD1BFE797A001D96F5 /* Products */ = {
			isa = PBXGroup;
			children = (
				7A8582AC1BFE797A001D96F5 /* timbr.app */,
			);
			name = Products;
			sourceTree = "<group>";
		};
		7A8582AE1BFE797A001D96F5 /* timbr */ = {
			isa = PBXGroup;
			children = (
				7A8583011BFF05F0001D96F5 /* Views */,
				7A8582FB1BFEDB16001D96F5 /* View Controllers */,
				7A8582F41BFED16D001D96F5 /* Models */,
				7A8582B21BFE797A001D96F5 /* AppDelegate.h */,
				7A8582B31BFE797A001D96F5 /* AppDelegate.m */,
				7A8582B51BFE797A001D96F5 /* ViewController.h */,
				7A8582B61BFE797A001D96F5 /* ViewController.m */,
				7A8582B81BFE797A001D96F5 /* Main.storyboard */,
				7A8582BE1BFE797A001D96F5 /* Assets.xcassets */,
				7A8582C01BFE797A001D96F5 /* LaunchScreen.storyboard */,
				7A8582C31BFE797A001D96F5 /* Info.plist */,
				7A8582BB1BFE797A001D96F5 /* timbr.xcdatamodeld */,
				7A8582AF1BFE797A001D96F5 /* Supporting Files */,
			);
			path = timbr;
			sourceTree = "<group>";
		};
		7A8582AF1BFE797A001D96F5 /* Supporting Files */ = {
			isa = PBXGroup;
			children = (
				7A8582B01BFE797A001D96F5 /* main.m */,
			);
			name = "Supporting Files";
			sourceTree = "<group>";
		};
		7A8582F41BFED16D001D96F5 /* Models */ = {
			isa = PBXGroup;
			children = (
				F9AB7E381C0D0AA3005BB778 /* Field.h */,
				F9AB7E391C0D0AA3005BB778 /* Field.m */,
				7A8582F51BFED7FE001D96F5 /* Entry.h */,
				7A8582F61BFED7FE001D96F5 /* Entry.m */,
				7A8582F81BFEDA9C001D96F5 /* LogCategory.h */,
				7A8582F91BFEDA9C001D96F5 /* LogCategory.m */,
			);
			name = Models;
			sourceTree = "<group>";
		};
		7A8582FB1BFEDB16001D96F5 /* View Controllers */ = {
			isa = PBXGroup;
			children = (
				F9AB7E491C0E4B9E005BB778 /* HomeCollectionViewController.m */,
				F9AB7E4A1C0E4B9E005BB778 /* HomeCollectionViewController.h */,
				F9AB7E4B1C0E4B9E005BB778 /* HomeCollectionViewController.xib */,
				F9AB7E4C1C0E4B9E005BB778 /* LoginViewController.m */,
				F9AB7E4D1C0E4B9E005BB778 /* LoginViewController.h */,
				F9AB7E4E1C0E4B9E005BB778 /* LoginViewController.xib */,
				7A8583181C004AC5001D96F5 /* DetailsTableViewController.h */,
				7A8583191C004AC5001D96F5 /* DetailsTableViewController.m */,
				7A85831A1C004AC5001D96F5 /* DetailsTableViewController.xib */,
				F6DC76A71C0EB81400DBD2BD /* CategoryViewController.h */,
				F6DC76A81C0EB81400DBD2BD /* CategoryViewController.m */,
				F6DC76A91C0EB81400DBD2BD /* CategoryViewController.xib */,
				F6DC76AC1C0EE52900DBD2BD /* FieldViewController.h */,
				F6DC76AD1C0EE52900DBD2BD /* FieldViewController.m */,
				F6DC76AE1C0EE52900DBD2BD /* FieldViewController.xib */,
			);
			name = "View Controllers";
			sourceTree = "<group>";
		};
		7A8583011BFF05F0001D96F5 /* Views */ = {
			isa = PBXGroup;
			children = (
				7A85830E1C00247C001D96F5 /* DetailsTableViewCell.h */,
				7A85830F1C00247C001D96F5 /* DetailsTableViewCell.m */,
				7A8583101C00247C001D96F5 /* DetailsTableViewCell.xib */,
				7A23FF111C03DB6C009002B8 /* ChartTableViewCell.h */,
				7A23FF121C03DB6C009002B8 /* ChartTableViewCell.m */,
				7A23FF131C03DB6C009002B8 /* ChartTableViewCell.xib */,
				F9AB7E471C0E4B95005BB778 /* HomeCollectionViewCell.xib */,
				F6DC76B11C0FAA5400DBD2BD /* FieldsTableViewCell.h */,
				F6DC76B21C0FAA5400DBD2BD /* FieldsTableViewCell.m */,
				F6DC76B31C0FAA5400DBD2BD /* FieldsTableViewCell.xib */,
			);
			name = Views;
			sourceTree = "<group>";
		};
		DCE79BA09BB5279A3BFDB174 /* Frameworks */ = {
			isa = PBXGroup;
			children = (
				C77725C7DA68250F9E352FFE /* libPods-timbr.a */,
			);
			name = Frameworks;
			sourceTree = "<group>";
		};
/* End PBXGroup section */

/* Begin PBXNativeTarget section */
		7A8582AB1BFE797A001D96F5 /* timbr */ = {
			isa = PBXNativeTarget;
			buildConfigurationList = 7A8582C61BFE797A001D96F5 /* Build configuration list for PBXNativeTarget "timbr" */;
			buildPhases = (
				089AB7B64AE6D6A7FF6CEBE5 /* Check Pods Manifest.lock */,
				7A8582A81BFE797A001D96F5 /* Sources */,
				7A8582A91BFE797A001D96F5 /* Frameworks */,
				7A8582AA1BFE797A001D96F5 /* Resources */,
				DA8830FE42F99D9B9EB8D6C9 /* Embed Pods Frameworks */,
				986B183C08356B95C4D9BA36 /* Copy Pods Resources */,
			);
			buildRules = (
			);
			dependencies = (
			);
			name = timbr;
			productName = timbr;
			productReference = 7A8582AC1BFE797A001D96F5 /* timbr.app */;
			productType = "com.apple.product-type.application";
		};
/* End PBXNativeTarget section */

/* Begin PBXProject section */
		7A8582A41BFE797A001D96F5 /* Project object */ = {
			isa = PBXProject;
			attributes = {
				LastUpgradeCheck = 0710;
				ORGANIZATIONNAME = Tmber;
				TargetAttributes = {
					7A8582AB1BFE797A001D96F5 = {
						CreatedOnToolsVersion = 7.1.1;
						DevelopmentTeam = GF775BT9Q4;
					};
				};
			};
			buildConfigurationList = 7A8582A71BFE797A001D96F5 /* Build configuration list for PBXProject "timbr" */;
			compatibilityVersion = "Xcode 3.2";
			developmentRegion = English;
			hasScannedForEncodings = 0;
			knownRegions = (
				en,
				Base,
			);
			mainGroup = 7A8582A31BFE797A001D96F5;
			productRefGroup = 7A8582AD1BFE797A001D96F5 /* Products */;
			projectDirPath = "";
			projectRoot = "";
			targets = (
				7A8582AB1BFE797A001D96F5 /* timbr */,
			);
		};
/* End PBXProject section */

/* Begin PBXResourcesBuildPhase section */
		7A8582AA1BFE797A001D96F5 /* Resources */ = {
			isa = PBXResourcesBuildPhase;
			buildActionMask = 2147483647;
			files = (
				7A85831C1C004AC5001D96F5 /* DetailsTableViewController.xib in Resources */,
				7A8582C21BFE797A001D96F5 /* LaunchScreen.storyboard in Resources */,
				F9AB7E501C0E4B9E005BB778 /* HomeCollectionViewController.xib in Resources */,
				7A8582BF1BFE797A001D96F5 /* Assets.xcassets in Resources */,
				7A8583121C00247C001D96F5 /* DetailsTableViewCell.xib in Resources */,
				F6DC76B01C0EE52900DBD2BD /* FieldViewController.xib in Resources */,
				F6DC76B51C0FAA5400DBD2BD /* FieldsTableViewCell.xib in Resources */,
				F9AB7E481C0E4B95005BB778 /* HomeCollectionViewCell.xib in Resources */,
				7A23FF151C03DB6C009002B8 /* ChartTableViewCell.xib in Resources */,
				7A8582BA1BFE797A001D96F5 /* Main.storyboard in Resources */,
				F6DC76AB1C0EB81400DBD2BD /* CategoryViewController.xib in Resources */,
				F9AB7E521C0E4B9E005BB778 /* LoginViewController.xib in Resources */,
			);
			runOnlyForDeploymentPostprocessing = 0;
		};
/* End PBXResourcesBuildPhase section */

/* Begin PBXShellScriptBuildPhase section */
		089AB7B64AE6D6A7FF6CEBE5 /* Check Pods Manifest.lock */ = {
			isa = PBXShellScriptBuildPhase;
			buildActionMask = 2147483647;
			files = (
			);
			inputPaths = (
			);
			name = "Check Pods Manifest.lock";
			outputPaths = (
			);
			runOnlyForDeploymentPostprocessing = 0;
			shellPath = /bin/sh;
			shellScript = "diff \"${PODS_ROOT}/../Podfile.lock\" \"${PODS_ROOT}/Manifest.lock\" > /dev/null\nif [[ $? != 0 ]] ; then\n    cat << EOM\nerror: The sandbox is not in sync with the Podfile.lock. Run 'pod install' or update your CocoaPods installation.\nEOM\n    exit 1\nfi\n";
			showEnvVarsInLog = 0;
		};
		986B183C08356B95C4D9BA36 /* Copy Pods Resources */ = {
			isa = PBXShellScriptBuildPhase;
			buildActionMask = 2147483647;
			files = (
			);
			inputPaths = (
			);
			name = "Copy Pods Resources";
			outputPaths = (
			);
			runOnlyForDeploymentPostprocessing = 0;
			shellPath = /bin/sh;
			shellScript = "\"${SRCROOT}/Pods/Target Support Files/Pods-timbr/Pods-timbr-resources.sh\"\n";
			showEnvVarsInLog = 0;
		};
		DA8830FE42F99D9B9EB8D6C9 /* Embed Pods Frameworks */ = {
			isa = PBXShellScriptBuildPhase;
			buildActionMask = 2147483647;
			files = (
			);
			inputPaths = (
			);
			name = "Embed Pods Frameworks";
			outputPaths = (
			);
			runOnlyForDeploymentPostprocessing = 0;
			shellPath = /bin/sh;
			shellScript = "\"${SRCROOT}/Pods/Target Support Files/Pods-timbr/Pods-timbr-frameworks.sh\"\n";
			showEnvVarsInLog = 0;
		};
/* End PBXShellScriptBuildPhase section */

/* Begin PBXSourcesBuildPhase section */
		7A8582A81BFE797A001D96F5 /* Sources */ = {
			isa = PBXSourcesBuildPhase;
			buildActionMask = 2147483647;
			files = (
				7A8582BD1BFE797A001D96F5 /* timbr.xcdatamodeld in Sources */,
				F6DC76AF1C0EE52900DBD2BD /* FieldViewController.m in Sources */,
				7A8582FA1BFEDA9C001D96F5 /* LogCategory.m in Sources */,
				7A8582F71BFED7FE001D96F5 /* Entry.m in Sources */,
				7A23FF141C03DB6C009002B8 /* ChartTableViewCell.m in Sources */,
				7A85831B1C004AC5001D96F5 /* DetailsTableViewController.m in Sources */,
				F9AB7E3A1C0D0AA3005BB778 /* Field.m in Sources */,
				F9AB7E4F1C0E4B9E005BB778 /* HomeCollectionViewController.m in Sources */,
				7A8582B71BFE797A001D96F5 /* ViewController.m in Sources */,
				F9AB7E511C0E4B9E005BB778 /* LoginViewController.m in Sources */,
				F6DC76B41C0FAA5400DBD2BD /* FieldsTableViewCell.m in Sources */,
				F6DC76AA1C0EB81400DBD2BD /* CategoryViewController.m in Sources */,
				7A8582B41BFE797A001D96F5 /* AppDelegate.m in Sources */,
				7A8582B11BFE797A001D96F5 /* main.m in Sources */,
				7A8583111C00247C001D96F5 /* DetailsTableViewCell.m in Sources */,
			);
			runOnlyForDeploymentPostprocessing = 0;
		};
/* End PBXSourcesBuildPhase section */

/* Begin PBXVariantGroup section */
		7A8582B81BFE797A001D96F5 /* Main.storyboard */ = {
			isa = PBXVariantGroup;
			children = (
				7A8582B91BFE797A001D96F5 /* Base */,
			);
			name = Main.storyboard;
			sourceTree = "<group>";
		};
		7A8582C01BFE797A001D96F5 /* LaunchScreen.storyboard */ = {
			isa = PBXVariantGroup;
			children = (
				7A8582C11BFE797A001D96F5 /* Base */,
			);
			name = LaunchScreen.storyboard;
			sourceTree = "<group>";
		};
/* End PBXVariantGroup section */

/* Begin XCBuildConfiguration section */
		7A8582C41BFE797A001D96F5 /* Debug */ = {
			isa = XCBuildConfiguration;
			buildSettings = {
				ALWAYS_SEARCH_USER_PATHS = NO;
				CLANG_CXX_LANGUAGE_STANDARD = "gnu++0x";
				CLANG_CXX_LIBRARY = "libc++";
				CLANG_ENABLE_MODULES = YES;
				CLANG_ENABLE_OBJC_ARC = YES;
				CLANG_WARN_BOOL_CONVERSION = YES;
				CLANG_WARN_CONSTANT_CONVERSION = YES;
				CLANG_WARN_DIRECT_OBJC_ISA_USAGE = YES_ERROR;
				CLANG_WARN_EMPTY_BODY = YES;
				CLANG_WARN_ENUM_CONVERSION = YES;
				CLANG_WARN_INT_CONVERSION = YES;
				CLANG_WARN_OBJC_ROOT_CLASS = YES_ERROR;
				CLANG_WARN_UNREACHABLE_CODE = YES;
				CLANG_WARN__DUPLICATE_METHOD_MATCH = YES;
				"CODE_SIGN_IDENTITY[sdk=iphoneos*]" = "iPhone Developer";
				COPY_PHASE_STRIP = NO;
				DEBUG_INFORMATION_FORMAT = dwarf;
				ENABLE_STRICT_OBJC_MSGSEND = YES;
				ENABLE_TESTABILITY = YES;
				GCC_C_LANGUAGE_STANDARD = gnu99;
				GCC_DYNAMIC_NO_PIC = NO;
				GCC_NO_COMMON_BLOCKS = YES;
				GCC_OPTIMIZATION_LEVEL = 0;
				GCC_PREPROCESSOR_DEFINITIONS = (
					"DEBUG=1",
					"$(inherited)",
				);
				GCC_WARN_64_TO_32_BIT_CONVERSION = YES;
				GCC_WARN_ABOUT_RETURN_TYPE = YES_ERROR;
				GCC_WARN_UNDECLARED_SELECTOR = YES;
				GCC_WARN_UNINITIALIZED_AUTOS = YES_AGGRESSIVE;
				GCC_WARN_UNUSED_FUNCTION = YES;
				GCC_WARN_UNUSED_VARIABLE = YES;
				IPHONEOS_DEPLOYMENT_TARGET = 9.0;
				MTL_ENABLE_DEBUG_INFO = YES;
				ONLY_ACTIVE_ARCH = YES;
				SDKROOT = iphoneos;
				TARGETED_DEVICE_FAMILY = "1,2";
			};
			name = Debug;
		};
		7A8582C51BFE797A001D96F5 /* Release */ = {
			isa = XCBuildConfiguration;
			buildSettings = {
				ALWAYS_SEARCH_USER_PATHS = NO;
				CLANG_CXX_LANGUAGE_STANDARD = "gnu++0x";
				CLANG_CXX_LIBRARY = "libc++";
				CLANG_ENABLE_MODULES = YES;
				CLANG_ENABLE_OBJC_ARC = YES;
				CLANG_WARN_BOOL_CONVERSION = YES;
				CLANG_WARN_CONSTANT_CONVERSION = YES;
				CLANG_WARN_DIRECT_OBJC_ISA_USAGE = YES_ERROR;
				CLANG_WARN_EMPTY_BODY = YES;
				CLANG_WARN_ENUM_CONVERSION = YES;
				CLANG_WARN_INT_CONVERSION = YES;
				CLANG_WARN_OBJC_ROOT_CLASS = YES_ERROR;
				CLANG_WARN_UNREACHABLE_CODE = YES;
				CLANG_WARN__DUPLICATE_METHOD_MATCH = YES;
				"CODE_SIGN_IDENTITY[sdk=iphoneos*]" = "iPhone Developer";
				COPY_PHASE_STRIP = NO;
				DEBUG_INFORMATION_FORMAT = "dwarf-with-dsym";
				ENABLE_NS_ASSERTIONS = NO;
				ENABLE_STRICT_OBJC_MSGSEND = YES;
				GCC_C_LANGUAGE_STANDARD = gnu99;
				GCC_NO_COMMON_BLOCKS = YES;
				GCC_WARN_64_TO_32_BIT_CONVERSION = YES;
				GCC_WARN_ABOUT_RETURN_TYPE = YES_ERROR;
				GCC_WARN_UNDECLARED_SELECTOR = YES;
				GCC_WARN_UNINITIALIZED_AUTOS = YES_AGGRESSIVE;
				GCC_WARN_UNUSED_FUNCTION = YES;
				GCC_WARN_UNUSED_VARIABLE = YES;
				IPHONEOS_DEPLOYMENT_TARGET = 9.0;
				MTL_ENABLE_DEBUG_INFO = NO;
				SDKROOT = iphoneos;
				TARGETED_DEVICE_FAMILY = "1,2";
				VALIDATE_PRODUCT = YES;
			};
			name = Release;
		};
		7A8582C71BFE797A001D96F5 /* Debug */ = {
			isa = XCBuildConfiguration;
			baseConfigurationReference = 56DEC1086A3CBCFEBB2C3DAA /* Pods-timbr.debug.xcconfig */;
			buildSettings = {
				ASSETCATALOG_COMPILER_APPICON_NAME = AppIcon;
				CODE_SIGN_IDENTITY = "iPhone Developer";
				INFOPLIST_FILE = timbr/Info.plist;
				LD_RUNPATH_SEARCH_PATHS = "$(inherited) @executable_path/Frameworks";
				PRODUCT_BUNDLE_IDENTIFIER = xyz.timbr.timbr;
				PRODUCT_NAME = "$(TARGET_NAME)";
			};
			name = Debug;
		};
		7A8582C81BFE797A001D96F5 /* Release */ = {
			isa = XCBuildConfiguration;
			baseConfigurationReference = 04569B1364EABA1A43D9F815 /* Pods-timbr.release.xcconfig */;
			buildSettings = {
				ASSETCATALOG_COMPILER_APPICON_NAME = AppIcon;
				CODE_SIGN_IDENTITY = "iPhone Developer";
				INFOPLIST_FILE = timbr/Info.plist;
				LD_RUNPATH_SEARCH_PATHS = "$(inherited) @executable_path/Frameworks";
				PRODUCT_BUNDLE_IDENTIFIER = xyz.timbr.timbr;
				PRODUCT_NAME = "$(TARGET_NAME)";
			};
			name = Release;
		};
/* End XCBuildConfiguration section */

/* Begin XCConfigurationList section */
		7A8582A71BFE797A001D96F5 /* Build configuration list for PBXProject "timbr" */ = {
			isa = XCConfigurationList;
			buildConfigurations = (
				7A8582C41BFE797A001D96F5 /* Debug */,
				7A8582C51BFE797A001D96F5 /* Release */,
			);
			defaultConfigurationIsVisible = 0;
			defaultConfigurationName = Release;
		};
		7A8582C61BFE797A001D96F5 /* Build configuration list for PBXNativeTarget "timbr" */ = {
			isa = XCConfigurationList;
			buildConfigurations = (
				7A8582C71BFE797A001D96F5 /* Debug */,
				7A8582C81BFE797A001D96F5 /* Release */,
			);
			defaultConfigurationIsVisible = 0;
			defaultConfigurationName = Release;
		};
/* End XCConfigurationList section */

/* Begin XCVersionGroup section */
		7A8582BB1BFE797A001D96F5 /* timbr.xcdatamodeld */ = {
			isa = XCVersionGroup;
			children = (
				7A8582BC1BFE797A001D96F5 /* timbr.xcdatamodel */,
			);
			currentVersion = 7A8582BC1BFE797A001D96F5 /* timbr.xcdatamodel */;
			path = timbr.xcdatamodeld;
			sourceTree = "<group>";
			versionGroupType = wrapper.xcdatamodel;
		};
/* End XCVersionGroup section */
	};
	rootObject = 7A8582A41BFE797A001D96F5 /* Project object */;
}
